
Microsoft Visual Studio Solution File, Format Version 12.00
Project("{FAE04EC0-301F-11D3-BF4B-00C04F79EFBC}") = "grinn.Ec11Button", "grinn.Ec11Button\grinn.Ec11Button.csproj", "{2DCAC8EA-E4C4-4BED-82B4-34B1C80D1660}"
EndProject
Project("{2150E333-8FDC-42A3-9474-1A3956D46DE8}") = "Tests", "Tests", "{C152CE81-B723-4520-AA75-3FFBBF0720B3}"
EndProject
Project("{FAE04EC0-301F-11D3-BF4B-00C04F79EFBC}") = "Grinn.Ec11Button.UnitTests", "Grinn.Ec11Button.UnitTests\Grinn.Ec11Button.UnitTests.csproj", "{64E12BC4-8636-416A-A343-44E673B8700A}"
EndProject
Global
	GlobalSection(SolutionConfigurationPlatforms) = preSolution
		Debug|Any CPU = Debug|Any CPU
		Release|Any CPU = Release|Any CPU
	EndGlobalSection
	GlobalSection(ProjectConfigurationPlatforms) = postSolution
		{2DCAC8EA-E4C4-4BED-82B4-34B1C80D1660}.Debug|Any CPU.ActiveCfg = Debug|Any CPU
		{2DCAC8EA-E4C4-4BED-82B4-34B1C80D1660}.Debug|Any CPU.Build.0 = Debug|Any CPU
		{2DCAC8EA-E4C4-4BED-82B4-34B1C80D1660}.Release|Any CPU.ActiveCfg = Release|Any CPU
		{2DCAC8EA-E4C4-4BED-82B4-34B1C80D1660}.Release|Any CPU.Build.0 = Release|Any CPU
		{64E12BC4-8636-416A-A343-44E673B8700A}.Debug|Any CPU.ActiveCfg = Debug|Any CPU
		{64E12BC4-8636-416A-A343-44E673B8700A}.Debug|Any CPU.Build.0 = Debug|Any CPU
		{64E12BC4-8636-416A-A343-44E673B8700A}.Release|Any CPU.ActiveCfg = Release|Any CPU
		{64E12BC4-8636-416A-A343-44E673B8700A}.Release|Any CPU.Build.0 = Release|Any CPU
	EndGlobalSection
	GlobalSection(NestedProjects) = preSolution
		{64E12BC4-8636-416A-A343-44E673B8700A} = {C152CE81-B723-4520-AA75-3FFBBF0720B3}
	EndGlobalSection
EndGlobal
